{
  "name": "maias",
  "version": "0.1.0",
  "lockfileVersion": 3,
  "requires": true,
  "packages": {
    "": {
      "name": "maias",
      "version": "0.1.0",
      "license": "Apache-2.0",
      "dependencies": {
        "@maias/cli": "^0.1.0"
      },
      "bin": {
        "maias": "bin/maias.js"
      },
      "engines": {
        "node": ">=18"
      }
    },
    "node_modules/@cfworker/json-schema": {
      "version": "4.1.1",
      "resolved": "https://registry.npmjs.org/@cfworker/json-schema/-/json-schema-4.1.1.tgz",
      "integrity": "sha512-gAmrUZSGtKc3AiBL71iNWxDsyUC5uMaKKGdvzYsBoTW/xi42JQHl7eKV2OYzCUqvc+D2RCcf7EXY2iCyFIk6og==",
      "license": "MIT"
    },
    "node_modules/@maias/cli": {
      "version": "0.1.0",
      "resolved": "https://registry.npmjs.org/@maias/cli/-/cli-0.1.0.tgz",
      "integrity": "sha512-DQhiG5jLFbGaq2QGmXmDzHBeqqc+nG4rq2ytr95QA0gVetsPgtiyRNMAe3xY8x3isPhImL1KQVHyK/884FLvYA==",
      "license": "Apache-2.0",
      "dependencies": {
        "@maias/core": "^0.2.0"
      },
      "bin": {
        "maias": "bin/maias.js"
      },
      "engines": {
        "node": ">=18"
      }
    },
    "node_modules/@maias/core": {
      "version": "0.2.0",
      "resolved": "https://registry.npmjs.org/@maias/core/-/core-0.2.0.tgz",
      "integrity": "sha512-b6EBu5Df9V9o0FbjQZGFgqQiMxitIQHh/PQE/k1P7FDnvDQqDO+6bKP/4kPi0Nd1aB9KhBJDezLo4dRHucW93A==",
      "license": "Apache-2.0",
      "dependencies": {
        "@cfworker/json-schema": "^4.1.1",
        "yaml": "^2.8.0"
      },
      "engines": {
        "node": ">=18"
      }
    },
    "node_modules/yaml": {
      "version": "2.9.0",
      "resolved": "https://registry.npmjs.org/yaml/-/yaml-2.9.0.tgz",
      "integrity": "sha512-2AvhNX3mb8zd6Zy7INTtSpl1F15HW6Wnqj0srWlkKLcpYl/gMIMJiyuGq2KeI2YFxUPjdlB+3Lc10seMLtL4cA==",
      "license": "ISC",
      "bin": {
        "yaml": "bin.mjs"
      },
      "engines": {
        "node": ">= 14.6"
      },
      "funding": {
        "url": "https://github.com/sponsors/eemeli"
      }
    }
  }
}
